// !$*UTF8*$!
{
	archiveVersion = 1;
	classes = {
	};
	objectVersion = 46;
	objects = {

/* Begin PBXBuildFile section */
		B51E1EFA1D72BCB5009C32E3 /* AppDelegate.swift in Sources */ = {isa = PBXBuildFile; fileRef = B51E1EF91D72BCB5009C32E3 /* AppDelegate.swift */; };
		B51E1EFC1D72BCB5009C32E3 /* ViewController.swift in Sources */ = {isa = PBXBuildFile; fileRef = B51E1EFB1D72BCB5009C32E3 /* ViewController.swift */; };
		B51E1EFF1D72BCB5009C32E3 /* Main.storyboard in Resources */ = {isa = PBXBuildFile; fileRef = B51E1EFD1D72BCB5009C32E3 /* Main.storyboard */; };
		B51E1F011D72BCB5009C32E3 /* Assets.xcassets in Resources */ = {isa = PBXBuildFile; fileRef = B51E1F001D72BCB5009C32E3 /* Assets.xcassets */; };
		B51E1F041D72BCB5009C32E3 /* LaunchScreen.storyboard in Resources */ = {isa = PBXBuildFile; fileRef = B51E1F021D72BCB5009C32E3 /* LaunchScreen.storyboard */; };
		B51E1F0F1D72BCB5009C32E3 /* __UISlider___Tests.swift in Sources */ = {isa = PBXBuildFile; fileRef = B51E1F0E1D72BCB5009C32E3 /* __UISlider___Tests.swift */; };
		B51E1F1A1D72BE2D009C32E3 /* QQ20160828-0@2x.png in Resources */ = {isa = PBXBuildFile; fileRef = B51E1F191D72BE2D009C32E3 /* QQ20160828-0@2x.png */; };
/* End PBXBuildFile section */

/* Begin PBXContainerItemProxy section */
		B51E1F0B1D72BCB5009C32E3 /* PBXContainerItemProxy */ = {
			isa = PBXContainerItemProxy;
			containerPortal = B51E1EEE1D72BCB5009C32E3 /* Project object */;
			proxyType = 1;
			remoteGlobalIDString = B51E1EF51D72BCB5009C32E3;
			remoteInfo = "9.UISlider的实操";
		};
/* End PBXContainerItemProxy section */

/* Begin PBXFileReference section */
		B51E1EF61D72BCB5009C32E3 /* 9.UISlider的实操.app */ = {isa = PBXFileReference; explicitFileType = wrapper.application; includeInIndex = 0; path = "9.UISlider的实操.app"; sourceTree = BUILT_PRODUCTS_DIR; };
		B51E1EF91D72BCB5009C32E3 /* AppDelegate.swift */ = {isa = PBXFileReference; lastKnownFileType = sourcecode.swift; path = AppDelegate.swift; sourceTree = "<group>"; };
		B51E1EFB1D72BCB5009C32E3 /* ViewController.swift */ = {isa = PBXFileReference; lastKnownFileType = sourcecode.swift; path = ViewController.swift; sourceTree = "<group>"; };
		B51E1EFE1D72BCB5009C32E3 /* Base */ = {isa = PBXFileReference; lastKnownFileType = file.storyboard; name = Base; path = Base.lproj/Main.storyboard; sourceTree = "<group>"; };
		B51E1F001D72BCB5009C32E3 /* Assets.xcassets */ = {isa = PBXFileReference; lastKnownFileType = folder.assetcatalog; path = Assets.xcassets; sourceTree = "<group>"; };
		B51E1F031D72BCB5009C32E3 /* Base */ = {isa = PBXFileReference; lastKnownFileType = file.storyboard; name = Base; path = Base.lproj/LaunchScreen.storyboard; sourceTree = "<group>"; };
		B51E1F051D72BCB5009C32E3 /* Info.plist */ = {isa = PBXFileReference; lastKnownFileType = text.plist.xml; path = Info.plist; sourceTree = "<group>"; };
		B51E1F0A1D72BCB5009C32E3 /* 9.UISlider的实操Tests.xctest */ = {isa = PBXFileReference; explicitFileType = wrapper.cfbundle; includeInIndex = 0; path = "9.UISlider的实操Tests.xctest"; sourceTree = BUILT_PRODUCTS_DIR; };
		B51E1F0E1D72BCB5009C32E3 /* __UISlider___Tests.swift */ = {isa = PBXFileReference; lastKnownFileType = sourcecode.swift; path = "__UISlider___Tests.swift"; sourceTree = "<group>"; };
		B51E1F101D72BCB5009C32E3 /* Info.plist */ = {isa = PBXFileReference; lastKnownFileType = text.plist.xml; path = Info.plist; sourceTree = "<group>"; };
		B51E1F191D72BE2D009C32E3 /* QQ20160828-0@2x.png */ = {isa = PBXFileReference; lastKnownFileType = image.png; name = "QQ20160828-0@2x.png"; path = "../../../../../Desktop/QQ20160828-0@2x.png"; sourceTree = "<group>"; };
/* End PBXFileReference section */

/* Begin PBXFrameworksBuildPhase section */
		B51E1EF31D72BCB5009C32E3 /* Frameworks */ = {
			isa = PBXFrameworksBuildPhase;
			buildActionMask = 2147483647;
			files = (
			);
			runOnlyForDeploymentPostprocessing = 0;
		};
		B51E1F071D72BCB5009C32E3 /* Frameworks */ = {
			isa = PBXFrameworksBuildPhase;
			buildActionMask = 2147483647;
			files = (
			);
			runOnlyForDeploymentPostprocessing = 0;
		};
/* End PBXFrameworksBuildPhase section */

/* Begin PBXGroup section */
		B51E1EED1D72BCB5009C32E3 = {
			isa = PBXGroup;
			children = (
				B51E1EF81D72BCB5009C32E3 /* 9.UISlider的实操 */,
				B51E1F0D1D72BCB5009C32E3 /* 9.UISlider的实操Tests */,
				B51E1EF71D72BCB5009C32E3 /* Products */,
			);
			sourceTree = "<group>";
		};
		B51E1EF71D72BCB5009C32E3 /* Products */ = {
			isa = PBXGroup;
			children = (
				B51E1EF61D72BCB5009C32E3 /* 9.UISlider的实操.app */,
				B51E1F0A1D72BCB5009C32E3 /* 9.UISlider的实操Tests.xctest */,
			);
			name = Products;
			sourceTree = "<group>";
		};
		B51E1EF81D72BCB5009C32E3 /* 9.UISlider的实操 */ = {
			isa = PBXGroup;
			children = (
				B51E1F191D72BE2D009C32E3 /* QQ20160828-0@2x.png */,
				B51E1EF91D72BCB5009C32E3 /* AppDelegate.swift */,
				B51E1EFB1D72BCB5009C32E3 /* ViewController.swift */,
				B51E1EFD1D72BCB5009C32E3 /* Main.storyboard */,
				B51E1F001D72BCB5009C32E3 /* Assets.xcassets */,
				B51E1F021D72BCB5009C32E3 /* LaunchScreen.storyboard */,
				B51E1F051D72BCB5009C32E3 /* Info.plist */,
			);
			path = "9.UISlider的实操";
			sourceTree = "<group>";
		};
		B51E1F0D1D72BCB5009C32E3 /* 9.UISlider的实操Tests */ = {
			isa = PBXGroup;
			children = (
				B51E1F0E1D72BCB5009C32E3 /* __UISlider___Tests.swift */,
				B51E1F101D72BCB5009C32E3 /* Info.plist */,
			);
			path = "9.UISlider的实操Tests";
			sourceTree = "<group>";
		};
/* End PBXGroup section */

/* Begin PBXNativeTarget section */
		B51E1EF51D72BCB5009C32E3 /* 9.UISlider的实操 */ = {
			isa = PBXNativeTarget;
			buildConfigurationList = B51E1F131D72BCB5009C32E3 /* Build configuration list for PBXNativeTarget "9.UISlider的实操" */;
			buildPhases = (
				B51E1EF21D72BCB5009C32E3 /* Sources */,
				B51E1EF31D72BCB5009C32E3 /* Frameworks */,
				B51E1EF41D72BCB5009C32E3 /* Resources */,
			);
			buildRules = (
			);
			dependencies = (
			);
			name = "9.UISlider的实操";
			productName = "9.UISlider的实操";
			productReference = B51E1EF61D72BCB5009C32E3 /* 9.UISlider的实操.app */;
			productType = "com.apple.product-type.application";
		};
		B51E1F091D72BCB5009C32E3 /* 9.UISlider的实操Tests */ = {
			isa = PBXNativeTarget;
			buildConfigurationList = B51E1F161D72BCB5009C32E3 /* Build configuration list for PBXNativeTarget "9.UISlider的实操Tests" */;
			buildPhases = (
				B51E1F061D72BCB5009C32E3 /* Sources */,
				B51E1F071D72BCB5009C32E3 /* Frameworks */,
				B51E1F081D72BCB5009C32E3 /* Resources */,
			);
			buildRules = (
			);
			dependencies = (
				B51E1F0C1D72BCB5009C32E3 /* PBXTargetDependency */,
			);
			name = "9.UISlider的实操Tests";
			productName = "9.UISlider的实操Tests";
			productReference = B51E1F0A1D72BCB5009C32E3 /* 9.UISlider的实操Tests.xctest */;
			productType = "com.apple.product-type.bundle.unit-test";
		};
/* End PBXNativeTarget section */

/* Begin PBXProject section */
		B51E1EEE1D72BCB5009C32E3 /* Project object */ = {
			isa = PBXProject;
			attributes = {
				LastSwiftUpdateCheck = 0730;
				LastUpgradeCheck = 0730;
				ORGANIZATIONNAME = gmou;
				TargetAttributes = {
					B51E1EF51D72BCB5009C32E3 = {
						CreatedOnToolsVersion = 7.3.1;
					};
					B51E1F091D72BCB5009C32E3 = {
						CreatedOnToolsVersion = 7.3.1;
						TestTargetID = B51E1EF51D72BCB5009C32E3;
					};
				};
			};
			buildConfigurationList = B51E1EF11D72BCB5009C32E3 /* Build configuration list for PBXProject "9.UISlider的实操" */;
			compatibilityVersion = "Xcode 3.2";
			developmentRegion = English;
			hasScannedForEncodings = 0;
			knownRegions = (
				en,
				Base,
			);
			mainGroup = B51E1EED1D72BCB5009C32E3;
			productRefGroup = B51E1EF71D72BCB5009C32E3 /* Products */;
			projectDirPath = "";
			projectRoot = "";
			targets = (
				B51E1EF51D72BCB5009C32E3 /* 9.UISlider的实操 */,
				B51E1F091D72BCB5009C32E3 /* 9.UISlider的实操Tests */,
			);
		};
/* End PBXProject section */

/* Begin PBXResourcesBuildPhase section */
		B51E1EF41D72BCB5009C32E3 /* Resources */ = {
			isa = PBXResourcesBuildPhase;
			buildActionMask = 2147483647;
			files = (
				B51E1F041D72BCB5009C32E3 /* LaunchScreen.storyboard in Resources */,
				B51E1F011D72BCB5009C32E3 /* Assets.xcassets in Resources */,
				B51E1F1A1D72BE2D009C32E3 /* QQ20160828-0@2x.png in Resources */,
				B51E1EFF1D72BCB5009C32E3 /* Main.storyboard in Resources */,
			);
			runOnlyForDeploymentPostprocessing = 0;
		};
		B51E1F081D72BCB5009C32E3 /* Resources */ = {
			isa = PBXResourcesBuildPhase;
			buildActionMask = 2147483647;
			files = (
			);
			runOnlyForDeploymentPostprocessing = 0;
		};
/* End PBXResourcesBuildPhase section */

/* Begin PBXSourcesBuildPhase section */
		B51E1EF21D72BCB5009C32E3 /* Sources */ = {
			isa = PBXSourcesBuildPhase;
			buildActionMask = 2147483647;
			files = (
				B51E1EFC1D72BCB5009C32E3 /* ViewController.swift in Sources */,
				B51E1EFA1D72BCB5009C32E3 /* AppDelegate.swift in Sources */,
			);
			runOnlyForDeploymentPostprocessing = 0;
		};
		B51E1F061D72BCB5009C32E3 /* Sources */ = {
			isa = PBXSourcesBuildPhase;
			buildActionMask = 2147483647;
			files = (
				B51E1F0F1D72BCB5009C32E3 /* __UISlider___Tests.swift in Sources */,
			);
			runOnlyForDeploymentPostprocessing = 0;
		};
/* End PBXSourcesBuildPhase section */

/* Begin PBXTargetDependency section */
		B51E1F0C1D72BCB5009C32E3 /* PBXTargetDependency */ = {
			isa = PBXTargetDependency;
			target = B51E1EF51D72BCB5009C32E3 /* 9.UISlider的实操 */;
			targetProxy = B51E1F0B1D72BCB5009C32E3 /* PBXContainerItemProxy */;
		};
/* End PBXTargetDependency section */

/* Begin PBXVariantGroup section */
		B51E1EFD1D72BCB5009C32E3 /* Main.storyboard */ = {
			isa = PBXVariantGroup;
			children = (
				B51E1EFE1D72BCB5009C32E3 /* Base */,
			);
			name = Main.storyboard;
			sourceTree = "<group>";
		};
		B51E1F021D72BCB5009C32E3 /* LaunchScreen.storyboard */ = {
			isa = PBXVariantGroup;
			children = (
				B51E1F031D72BCB5009C32E3 /* Base */,
			);
			name = LaunchScreen.storyboard;
			sourceTree = "<group>";
		};
/* End PBXVariantGroup section */

/* Begin XCBuildConfiguration section */
		B51E1F111D72BCB5009C32E3 /* Debug */ = {
			isa = XCBuildConfiguration;
			buildSettings = {
				ALWAYS_SEARCH_USER_PATHS = NO;
				CLANG_ANALYZER_NONNULL = YES;
				CLANG_CXX_LANGUAGE_STANDARD = "gnu++0x";
				CLANG_CXX_LIBRARY = "libc++";
				CLANG_ENABLE_MODULES = YES;
				CLANG_ENABLE_OBJC_ARC = YES;
				CLANG_WARN_BOOL_CONVERSION = YES;
				CLANG_WARN_CONSTANT_CONVERSION = YES;
				CLANG_WARN_DIRECT_OBJC_ISA_USAGE = YES_ERROR;
				CLANG_WARN_EMPTY_BODY = YES;
				CLANG_WARN_ENUM_CONVERSION = YES;
				CLANG_WARN_INT_CONVERSION = YES;
				CLANG_WARN_OBJC_ROOT_CLASS = YES_ERROR;
				CLANG_WARN_UNREACHABLE_CODE = YES;
				CLANG_WARN__DUPLICATE_METHOD_MATCH = YES;
				"CODE_SIGN_IDENTITY[sdk=iphoneos*]" = "iPhone Developer";
				COPY_PHASE_STRIP = NO;
				DEBUG_INFORMATION_FORMAT = dwarf;
				ENABLE_STRICT_OBJC_MSGSEND = YES;
				ENABLE_TESTABILITY = YES;
				GCC_C_LANGUAGE_STANDARD = gnu99;
				GCC_DYNAMIC_NO_PIC = NO;
				GCC_NO_COMMON_BLOCKS = YES;
				GCC_OPTIMIZATION_LEVEL = 0;
				GCC_PREPROCESSOR_DEFINITIONS = (
					"DEBUG=1",
					"$(inherited)",
				);
				GCC_WARN_64_TO_32_BIT_CONVERSION = YES;
				GCC_WARN_ABOUT_RETURN_TYPE = YES_ERROR;
				GCC_WARN_UNDECLARED_SELECTOR = YES;
				GCC_WARN_UNINITIALIZED_AUTOS = YES_AGGRESSIVE;
				GCC_WARN_UNUSED_FUNCTION = YES;
				GCC_WARN_UNUSED_VARIABLE = YES;
				IPHONEOS_DEPLOYMENT_TARGET = 9.3;
				MTL_ENABLE_DEBUG_INFO = YES;
				ONLY_ACTIVE_ARCH = YES;
				SDKROOT = iphoneos;
				SWIFT_OPTIMIZATION_LEVEL = "-Onone";
				TARGETED_DEVICE_FAMILY = "1,2";
			};
			name = Debug;
		};
		B51E1F121D72BCB5009C32E3 /* Release */ = {
			isa = XCBuildConfiguration;
			buildSettings = {
				ALWAYS_SEARCH_USER_PATHS = NO;
				CLANG_ANALYZER_NONNULL = YES;
				CLANG_CXX_LANGUAGE_STANDARD = "gnu++0x";
				CLANG_CXX_LIBRARY = "libc++";
				CLANG_ENABLE_MODULES = YES;
				CLANG_ENABLE_OBJC_ARC = YES;
				CLANG_WARN_BOOL_CONVERSION = YES;
				CLANG_WARN_CONSTANT_CONVERSION = YES;
				CLANG_WARN_DIRECT_OBJC_ISA_USAGE = YES_ERROR;
				CLANG_WARN_EMPTY_BODY = YES;
				CLANG_WARN_ENUM_CONVERSION = YES;
				CLANG_WARN_INT_CONVERSION = YES;
				CLANG_WARN_OBJC_ROOT_CLASS = YES_ERROR;
				CLANG_WARN_UNREACHABLE_CODE = YES;
				CLANG_WARN__DUPLICATE_METHOD_MATCH = YES;
				"CODE_SIGN_IDENTITY[sdk=iphoneos*]" = "iPhone Developer";
				COPY_PHASE_STRIP = NO;
				DEBUG_INFORMATION_FORMAT = "dwarf-with-dsym";
				ENABLE_NS_ASSERTIONS = NO;
				ENABLE_STRICT_OBJC_MSGSEND = YES;
				GCC_C_LANGUAGE_STANDARD = gnu99;
				GCC_NO_COMMON_BLOCKS = YES;
				GCC_WARN_64_TO_32_BIT_CONVERSION = YES;
				GCC_WARN_ABOUT_RETURN_TYPE = YES_ERROR;
				GCC_WARN_UNDECLARED_SELECTOR = YES;
				GCC_WARN_UNINITIALIZED_AUTOS = YES_AGGRESSIVE;
				GCC_WARN_UNUSED_FUNCTION = YES;
				GCC_WARN_UNUSED_VARIABLE = YES;
				IPHONEOS_DEPLOYMENT_TARGET = 9.3;
				MTL_ENABLE_DEBUG_INFO = NO;
				SDKROOT = iphoneos;
				TARGETED_DEVICE_FAMILY = "1,2";
				VALIDATE_PRODUCT = YES;
			};
			name = Release;
		};
		B51E1F141D72BCB5009C32E3 /* Debug */ = {
			isa = XCBuildConfiguration;
			buildSettings = {
				ASSETCATALOG_COMPILER_APPICON_NAME = AppIcon;
				INFOPLIST_FILE = "9.UISlider的实操/Info.plist";
				LD_RUNPATH_SEARCH_PATHS = "$(inherited) @executable_path/Frameworks";
				PRODUCT_BUNDLE_IDENTIFIER = "ddouble.com.--UISlider---";
				PRODUCT_NAME = "$(TARGET_NAME)";
			};
			name = Debug;
		};
		B51E1F151D72BCB5009C32E3 /* Release */ = {
			isa = XCBuildConfiguration;
			buildSettings = {
				ASSETCATALOG_COMPILER_APPICON_NAME = AppIcon;
				INFOPLIST_FILE = "9.UISlider的实操/Info.plist";
				LD_RUNPATH_SEARCH_PATHS = "$(inherited) @executable_path/Frameworks";
				PRODUCT_BUNDLE_IDENTIFIER = "ddouble.com.--UISlider---";
				PRODUCT_NAME = "$(TARGET_NAME)";
			};
			name = Release;
		};
		B51E1F171D72BCB5009C32E3 /* Debug */ = {
			isa = XCBuildConfiguration;
			buildSettings = {
				BUNDLE_LOADER = "$(TEST_HOST)";
				INFOPLIST_FILE = "9.UISlider的实操Tests/Info.plist";
				LD_RUNPATH_SEARCH_PATHS = "$(inherited) @executable_path/Frameworks @loader_path/Frameworks";
				PRODUCT_BUNDLE_IDENTIFIER = "ddouble.com.--UISlider---Tests";
				PRODUCT_NAME = "$(TARGET_NAME)";
				TEST_HOST = "$(BUILT_PRODUCTS_DIR)/9.UISlider的实操.app/9.UISlider的实操";
			};
			name = Debug;
		};
		B51E1F181D72BCB5009C32E3 /* Release */ = {
			isa = XCBuildConfiguration;
			buildSettings = {
				BUNDLE_LOADER = "$(TEST_HOST)";
				INFOPLIST_FILE = "9.UISlider的实操Tests/Info.plist";
				LD_RUNPATH_SEARCH_PATHS = "$(inherited) @executable_path/Frameworks @loader_path/Frameworks";
				PRODUCT_BUNDLE_IDENTIFIER = "ddouble.com.--UISlider---Tests";
				PRODUCT_NAME = "$(TARGET_NAME)";
				TEST_HOST = "$(BUILT_PRODUCTS_DIR)/9.UISlider的实操.app/9.UISlider的实操";
			};
			name = Release;
		};
/* End XCBuildConfiguration section */

/* Begin XCConfigurationList section */
		B51E1EF11D72BCB5009C32E3 /* Build configuration list for PBXProject "9.UISlider的实操" */ = {
			isa = XCConfigurationList;
			buildConfigurations = (
				B51E1F111D72BCB5009C32E3 /* Debug */,
				B51E1F121D72BCB5009C32E3 /* Release */,
			);
			defaultConfigurationIsVisible = 0;
			defaultConfigurationName = Release;
		};
		B51E1F131D72BCB5009C32E3 /* Build configuration list for PBXNativeTarget "9.UISlider的实操" */ = {
			isa = XCConfigurationList;
			buildConfigurations = (
				B51E1F141D72BCB5009C32E3 /* Debug */,
				B51E1F151D72BCB5009C32E3 /* Release */,
			);
			defaultConfigurationIsVisible = 0;
		};
		B51E1F161D72BCB5009C32E3 /* Build configuration list for PBXNativeTarget "9.UISlider的实操Tests" */ = {
			isa = XCConfigurationList;
			buildConfigurations = (
				B51E1F171D72BCB5009C32E3 /* Debug */,
				B51E1F181D72BCB5009C32E3 /* Release */,
			);
			defaultConfigurationIsVisible = 0;
		};
/* End XCConfigurationList section */
	};
	rootObject = B51E1EEE1D72BCB5009C32E3 /* Project object */;
}
