// !$*UTF8*$!
{
	archiveVersion = 1;
	classes = {
	};
	objectVersion = 46;
	objects = {

/* Begin PBXBuildFile section */
		B52BB5941D6FE76A0019FD2D /* AppDelegate.swift in Sources */ = {isa = PBXBuildFile; fileRef = B52BB5931D6FE76A0019FD2D /* AppDelegate.swift */; };
		B52BB5961D6FE76A0019FD2D /* ViewController.swift in Sources */ = {isa = PBXBuildFile; fileRef = B52BB5951D6FE76A0019FD2D /* ViewController.swift */; };
		B52BB5991D6FE76A0019FD2D /* Main.storyboard in Resources */ = {isa = PBXBuildFile; fileRef = B52BB5971D6FE76A0019FD2D /* Main.storyboard */; };
		B52BB59B1D6FE76A0019FD2D /* Assets.xcassets in Resources */ = {isa = PBXBuildFile; fileRef = B52BB59A1D6FE76A0019FD2D /* Assets.xcassets */; };
		B52BB59E1D6FE76A0019FD2D /* LaunchScreen.storyboard in Resources */ = {isa = PBXBuildFile; fileRef = B52BB59C1D6FE76A0019FD2D /* LaunchScreen.storyboard */; };
		B52BB5A91D6FE76A0019FD2D /* __UIButtonTests.swift in Sources */ = {isa = PBXBuildFile; fileRef = B52BB5A81D6FE76A0019FD2D /* __UIButtonTests.swift */; };
		B52BB5B41D6FED900019FD2D /* emptyStar.png in Resources */ = {isa = PBXBuildFile; fileRef = B52BB5B31D6FED900019FD2D /* emptyStar.png */; };
		B52BB5B61D6FEE330019FD2D /* filledStar.png in Resources */ = {isa = PBXBuildFile; fileRef = B52BB5B51D6FEE330019FD2D /* filledStar.png */; };
/* End PBXBuildFile section */

/* Begin PBXContainerItemProxy section */
		B52BB5A51D6FE76A0019FD2D /* PBXContainerItemProxy */ = {
			isa = PBXContainerItemProxy;
			containerPortal = B52BB5881D6FE76A0019FD2D /* Project object */;
			proxyType = 1;
			remoteGlobalIDString = B52BB58F1D6FE76A0019FD2D;
			remoteInfo = 2.UIButton;
		};
/* End PBXContainerItemProxy section */

/* Begin PBXFileReference section */
		B52BB5901D6FE76A0019FD2D /* 2.UIButton.app */ = {isa = PBXFileReference; explicitFileType = wrapper.application; includeInIndex = 0; path = 2.UIButton.app; sourceTree = BUILT_PRODUCTS_DIR; };
		B52BB5931D6FE76A0019FD2D /* AppDelegate.swift */ = {isa = PBXFileReference; lastKnownFileType = sourcecode.swift; path = AppDelegate.swift; sourceTree = "<group>"; };
		B52BB5951D6FE76A0019FD2D /* ViewController.swift */ = {isa = PBXFileReference; lastKnownFileType = sourcecode.swift; path = ViewController.swift; sourceTree = "<group>"; };
		B52BB5981D6FE76A0019FD2D /* Base */ = {isa = PBXFileReference; lastKnownFileType = file.storyboard; name = Base; path = Base.lproj/Main.storyboard; sourceTree = "<group>"; };
		B52BB59A1D6FE76A0019FD2D /* Assets.xcassets */ = {isa = PBXFileReference; lastKnownFileType = folder.assetcatalog; path = Assets.xcassets; sourceTree = "<group>"; };
		B52BB59D1D6FE76A0019FD2D /* Base */ = {isa = PBXFileReference; lastKnownFileType = file.storyboard; name = Base; path = Base.lproj/LaunchScreen.storyboard; sourceTree = "<group>"; };
		B52BB59F1D6FE76A0019FD2D /* Info.plist */ = {isa = PBXFileReference; lastKnownFileType = text.plist.xml; path = Info.plist; sourceTree = "<group>"; };
		B52BB5A41D6FE76A0019FD2D /* 2.UIButtonTests.xctest */ = {isa = PBXFileReference; explicitFileType = wrapper.cfbundle; includeInIndex = 0; path = 2.UIButtonTests.xctest; sourceTree = BUILT_PRODUCTS_DIR; };
		B52BB5A81D6FE76A0019FD2D /* __UIButtonTests.swift */ = {isa = PBXFileReference; lastKnownFileType = sourcecode.swift; path = __UIButtonTests.swift; sourceTree = "<group>"; };
		B52BB5AA1D6FE76A0019FD2D /* Info.plist */ = {isa = PBXFileReference; lastKnownFileType = text.plist.xml; path = Info.plist; sourceTree = "<group>"; };
		B52BB5B31D6FED900019FD2D /* emptyStar.png */ = {isa = PBXFileReference; lastKnownFileType = image.png; name = emptyStar.png; path = "../../../../../Downloads/bt/a/yes/Start-Dev-iOS-Apps-05/Images/emptyStar.png"; sourceTree = "<group>"; };
		B52BB5B51D6FEE330019FD2D /* filledStar.png */ = {isa = PBXFileReference; lastKnownFileType = image.png; name = filledStar.png; path = "../../../../../Downloads/bt/a/yes/Start-Dev-iOS-Apps-05/Images/filledStar.png"; sourceTree = "<group>"; };
/* End PBXFileReference section */

/* Begin PBXFrameworksBuildPhase section */
		B52BB58D1D6FE76A0019FD2D /* Frameworks */ = {
			isa = PBXFrameworksBuildPhase;
			buildActionMask = 2147483647;
			files = (
			);
			runOnlyForDeploymentPostprocessing = 0;
		};
		B52BB5A11D6FE76A0019FD2D /* Frameworks */ = {
			isa = PBXFrameworksBuildPhase;
			buildActionMask = 2147483647;
			files = (
			);
			runOnlyForDeploymentPostprocessing = 0;
		};
/* End PBXFrameworksBuildPhase section */

/* Begin PBXGroup section */
		B52BB5871D6FE76A0019FD2D = {
			isa = PBXGroup;
			children = (
				B52BB5921D6FE76A0019FD2D /* 2.UIButton */,
				B52BB5A71D6FE76A0019FD2D /* 2.UIButtonTests */,
				B52BB5911D6FE76A0019FD2D /* Products */,
			);
			sourceTree = "<group>";
		};
		B52BB5911D6FE76A0019FD2D /* Products */ = {
			isa = PBXGroup;
			children = (
				B52BB5901D6FE76A0019FD2D /* 2.UIButton.app */,
				B52BB5A41D6FE76A0019FD2D /* 2.UIButtonTests.xctest */,
			);
			name = Products;
			sourceTree = "<group>";
		};
		B52BB5921D6FE76A0019FD2D /* 2.UIButton */ = {
			isa = PBXGroup;
			children = (
				B52BB5B51D6FEE330019FD2D /* filledStar.png */,
				B52BB5B31D6FED900019FD2D /* emptyStar.png */,
				B52BB5931D6FE76A0019FD2D /* AppDelegate.swift */,
				B52BB5951D6FE76A0019FD2D /* ViewController.swift */,
				B52BB5971D6FE76A0019FD2D /* Main.storyboard */,
				B52BB59A1D6FE76A0019FD2D /* Assets.xcassets */,
				B52BB59C1D6FE76A0019FD2D /* LaunchScreen.storyboard */,
				B52BB59F1D6FE76A0019FD2D /* Info.plist */,
			);
			path = 2.UIButton;
			sourceTree = "<group>";
		};
		B52BB5A71D6FE76A0019FD2D /* 2.UIButtonTests */ = {
			isa = PBXGroup;
			children = (
				B52BB5A81D6FE76A0019FD2D /* __UIButtonTests.swift */,
				B52BB5AA1D6FE76A0019FD2D /* Info.plist */,
			);
			path = 2.UIButtonTests;
			sourceTree = "<group>";
		};
/* End PBXGroup section */

/* Begin PBXNativeTarget section */
		B52BB58F1D6FE76A0019FD2D /* 2.UIButton */ = {
			isa = PBXNativeTarget;
			buildConfigurationList = B52BB5AD1D6FE76A0019FD2D /* Build configuration list for PBXNativeTarget "2.UIButton" */;
			buildPhases = (
				B52BB58C1D6FE76A0019FD2D /* Sources */,
				B52BB58D1D6FE76A0019FD2D /* Frameworks */,
				B52BB58E1D6FE76A0019FD2D /* Resources */,
			);
			buildRules = (
			);
			dependencies = (
			);
			name = 2.UIButton;
			productName = 2.UIButton;
			productReference = B52BB5901D6FE76A0019FD2D /* 2.UIButton.app */;
			productType = "com.apple.product-type.application";
		};
		B52BB5A31D6FE76A0019FD2D /* 2.UIButtonTests */ = {
			isa = PBXNativeTarget;
			buildConfigurationList = B52BB5B01D6FE76A0019FD2D /* Build configuration list for PBXNativeTarget "2.UIButtonTests" */;
			buildPhases = (
				B52BB5A01D6FE76A0019FD2D /* Sources */,
				B52BB5A11D6FE76A0019FD2D /* Frameworks */,
				B52BB5A21D6FE76A0019FD2D /* Resources */,
			);
			buildRules = (
			);
			dependencies = (
				B52BB5A61D6FE76A0019FD2D /* PBXTargetDependency */,
			);
			name = 2.UIButtonTests;
			productName = 2.UIButtonTests;
			productReference = B52BB5A41D6FE76A0019FD2D /* 2.UIButtonTests.xctest */;
			productType = "com.apple.product-type.bundle.unit-test";
		};
/* End PBXNativeTarget section */

/* Begin PBXProject section */
		B52BB5881D6FE76A0019FD2D /* Project object */ = {
			isa = PBXProject;
			attributes = {
				LastSwiftUpdateCheck = 0730;
				LastUpgradeCheck = 0730;
				ORGANIZATIONNAME = gmou;
				TargetAttributes = {
					B52BB58F1D6FE76A0019FD2D = {
						CreatedOnToolsVersion = 7.3.1;
					};
					B52BB5A31D6FE76A0019FD2D = {
						CreatedOnToolsVersion = 7.3.1;
						TestTargetID = B52BB58F1D6FE76A0019FD2D;
					};
				};
			};
			buildConfigurationList = B52BB58B1D6FE76A0019FD2D /* Build configuration list for PBXProject "2.UIButton" */;
			compatibilityVersion = "Xcode 3.2";
			developmentRegion = English;
			hasScannedForEncodings = 0;
			knownRegions = (
				en,
				Base,
			);
			mainGroup = B52BB5871D6FE76A0019FD2D;
			productRefGroup = B52BB5911D6FE76A0019FD2D /* Products */;
			projectDirPath = "";
			projectRoot = "";
			targets = (
				B52BB58F1D6FE76A0019FD2D /* 2.UIButton */,
				B52BB5A31D6FE76A0019FD2D /* 2.UIButtonTests */,
			);
		};
/* End PBXProject section */

/* Begin PBXResourcesBuildPhase section */
		B52BB58E1D6FE76A0019FD2D /* Resources */ = {
			isa = PBXResourcesBuildPhase;
			buildActionMask = 2147483647;
			files = (
				B52BB59E1D6FE76A0019FD2D /* LaunchScreen.storyboard in Resources */,
				B52BB5B41D6FED900019FD2D /* emptyStar.png in Resources */,
				B52BB59B1D6FE76A0019FD2D /* Assets.xcassets in Resources */,
				B52BB5991D6FE76A0019FD2D /* Main.storyboard in Resources */,
				B52BB5B61D6FEE330019FD2D /* filledStar.png in Resources */,
			);
			runOnlyForDeploymentPostprocessing = 0;
		};
		B52BB5A21D6FE76A0019FD2D /* Resources */ = {
			isa = PBXResourcesBuildPhase;
			buildActionMask = 2147483647;
			files = (
			);
			runOnlyForDeploymentPostprocessing = 0;
		};
/* End PBXResourcesBuildPhase section */

/* Begin PBXSourcesBuildPhase section */
		B52BB58C1D6FE76A0019FD2D /* Sources */ = {
			isa = PBXSourcesBuildPhase;
			buildActionMask = 2147483647;
			files = (
				B52BB5961D6FE76A0019FD2D /* ViewController.swift in Sources */,
				B52BB5941D6FE76A0019FD2D /* AppDelegate.swift in Sources */,
			);
			runOnlyForDeploymentPostprocessing = 0;
		};
		B52BB5A01D6FE76A0019FD2D /* Sources */ = {
			isa = PBXSourcesBuildPhase;
			buildActionMask = 2147483647;
			files = (
				B52BB5A91D6FE76A0019FD2D /* __UIButtonTests.swift in Sources */,
			);
			runOnlyForDeploymentPostprocessing = 0;
		};
/* End PBXSourcesBuildPhase section */

/* Begin PBXTargetDependency section */
		B52BB5A61D6FE76A0019FD2D /* PBXTargetDependency */ = {
			isa = PBXTargetDependency;
			target = B52BB58F1D6FE76A0019FD2D /* 2.UIButton */;
			targetProxy = B52BB5A51D6FE76A0019FD2D /* PBXContainerItemProxy */;
		};
/* End PBXTargetDependency section */

/* Begin PBXVariantGroup section */
		B52BB5971D6FE76A0019FD2D /* Main.storyboard */ = {
			isa = PBXVariantGroup;
			children = (
				B52BB5981D6FE76A0019FD2D /* Base */,
			);
			name = Main.storyboard;
			sourceTree = "<group>";
		};
		B52BB59C1D6FE76A0019FD2D /* LaunchScreen.storyboard */ = {
			isa = PBXVariantGroup;
			children = (
				B52BB59D1D6FE76A0019FD2D /* Base */,
			);
			name = LaunchScreen.storyboard;
			sourceTree = "<group>";
		};
/* End PBXVariantGroup section */

/* Begin XCBuildConfiguration section */
		B52BB5AB1D6FE76A0019FD2D /* Debug */ = {
			isa = XCBuildConfiguration;
			buildSettings = {
				ALWAYS_SEARCH_USER_PATHS = NO;
				CLANG_ANALYZER_NONNULL = YES;
				CLANG_CXX_LANGUAGE_STANDARD = "gnu++0x";
				CLANG_CXX_LIBRARY = "libc++";
				CLANG_ENABLE_MODULES = YES;
				CLANG_ENABLE_OBJC_ARC = YES;
				CLANG_WARN_BOOL_CONVERSION = YES;
				CLANG_WARN_CONSTANT_CONVERSION = YES;
				CLANG_WARN_DIRECT_OBJC_ISA_USAGE = YES_ERROR;
				CLANG_WARN_EMPTY_BODY = YES;
				CLANG_WARN_ENUM_CONVERSION = YES;
				CLANG_WARN_INT_CONVERSION = YES;
				CLANG_WARN_OBJC_ROOT_CLASS = YES_ERROR;
				CLANG_WARN_UNREACHABLE_CODE = YES;
				CLANG_WARN__DUPLICATE_METHOD_MATCH = YES;
				"CODE_SIGN_IDENTITY[sdk=iphoneos*]" = "iPhone Developer";
				COPY_PHASE_STRIP = NO;
				DEBUG_INFORMATION_FORMAT = dwarf;
				ENABLE_STRICT_OBJC_MSGSEND = YES;
				ENABLE_TESTABILITY = YES;
				GCC_C_LANGUAGE_STANDARD = gnu99;
				GCC_DYNAMIC_NO_PIC = NO;
				GCC_NO_COMMON_BLOCKS = YES;
				GCC_OPTIMIZATION_LEVEL = 0;
				GCC_PREPROCESSOR_DEFINITIONS = (
					"DEBUG=1",
					"$(inherited)",
				);
				GCC_WARN_64_TO_32_BIT_CONVERSION = YES;
				GCC_WARN_ABOUT_RETURN_TYPE = YES_ERROR;
				GCC_WARN_UNDECLARED_SELECTOR = YES;
				GCC_WARN_UNINITIALIZED_AUTOS = YES_AGGRESSIVE;
				GCC_WARN_UNUSED_FUNCTION = YES;
				GCC_WARN_UNUSED_VARIABLE = YES;
				IPHONEOS_DEPLOYMENT_TARGET = 9.3;
				MTL_ENABLE_DEBUG_INFO = YES;
				ONLY_ACTIVE_ARCH = YES;
				SDKROOT = iphoneos;
				SWIFT_OPTIMIZATION_LEVEL = "-Onone";
				TARGETED_DEVICE_FAMILY = "1,2";
			};
			name = Debug;
		};
		B52BB5AC1D6FE76A0019FD2D /* Release */ = {
			isa = XCBuildConfiguration;
			buildSettings = {
				ALWAYS_SEARCH_USER_PATHS = NO;
				CLANG_ANALYZER_NONNULL = YES;
				CLANG_CXX_LANGUAGE_STANDARD = "gnu++0x";
				CLANG_CXX_LIBRARY = "libc++";
				CLANG_ENABLE_MODULES = YES;
				CLANG_ENABLE_OBJC_ARC = YES;
				CLANG_WARN_BOOL_CONVERSION = YES;
				CLANG_WARN_CONSTANT_CONVERSION = YES;
				CLANG_WARN_DIRECT_OBJC_ISA_USAGE = YES_ERROR;
				CLANG_WARN_EMPTY_BODY = YES;
				CLANG_WARN_ENUM_CONVERSION = YES;
				CLANG_WARN_INT_CONVERSION = YES;
				CLANG_WARN_OBJC_ROOT_CLASS = YES_ERROR;
				CLANG_WARN_UNREACHABLE_CODE = YES;
				CLANG_WARN__DUPLICATE_METHOD_MATCH = YES;
				"CODE_SIGN_IDENTITY[sdk=iphoneos*]" = "iPhone Developer";
				COPY_PHASE_STRIP = NO;
				DEBUG_INFORMATION_FORMAT = "dwarf-with-dsym";
				ENABLE_NS_ASSERTIONS = NO;
				ENABLE_STRICT_OBJC_MSGSEND = YES;
				GCC_C_LANGUAGE_STANDARD = gnu99;
				GCC_NO_COMMON_BLOCKS = YES;
				GCC_WARN_64_TO_32_BIT_CONVERSION = YES;
				GCC_WARN_ABOUT_RETURN_TYPE = YES_ERROR;
				GCC_WARN_UNDECLARED_SELECTOR = YES;
				GCC_WARN_UNINITIALIZED_AUTOS = YES_AGGRESSIVE;
				GCC_WARN_UNUSED_FUNCTION = YES;
				GCC_WARN_UNUSED_VARIABLE = YES;
				IPHONEOS_DEPLOYMENT_TARGET = 9.3;
				MTL_ENABLE_DEBUG_INFO = NO;
				SDKROOT = iphoneos;
				TARGETED_DEVICE_FAMILY = "1,2";
				VALIDATE_PRODUCT = YES;
			};
			name = Release;
		};
		B52BB5AE1D6FE76A0019FD2D /* Debug */ = {
			isa = XCBuildConfiguration;
			buildSettings = {
				ASSETCATALOG_COMPILER_APPICON_NAME = AppIcon;
				INFOPLIST_FILE = 2.UIButton/Info.plist;
				LD_RUNPATH_SEARCH_PATHS = "$(inherited) @executable_path/Frameworks";
				PRODUCT_BUNDLE_IDENTIFIER = "ddouble.com.--UIButton";
				PRODUCT_NAME = "$(TARGET_NAME)";
			};
			name = Debug;
		};
		B52BB5AF1D6FE76A0019FD2D /* Release */ = {
			isa = XCBuildConfiguration;
			buildSettings = {
				ASSETCATALOG_COMPILER_APPICON_NAME = AppIcon;
				INFOPLIST_FILE = 2.UIButton/Info.plist;
				LD_RUNPATH_SEARCH_PATHS = "$(inherited) @executable_path/Frameworks";
				PRODUCT_BUNDLE_IDENTIFIER = "ddouble.com.--UIButton";
				PRODUCT_NAME = "$(TARGET_NAME)";
			};
			name = Release;
		};
		B52BB5B11D6FE76A0019FD2D /* Debug */ = {
			isa = XCBuildConfiguration;
			buildSettings = {
				BUNDLE_LOADER = "$(TEST_HOST)";
				INFOPLIST_FILE = 2.UIButtonTests/Info.plist;
				LD_RUNPATH_SEARCH_PATHS = "$(inherited) @executable_path/Frameworks @loader_path/Frameworks";
				PRODUCT_BUNDLE_IDENTIFIER = "ddouble.com.--UIButtonTests";
				PRODUCT_NAME = "$(TARGET_NAME)";
				TEST_HOST = "$(BUILT_PRODUCTS_DIR)/2.UIButton.app/2.UIButton";
			};
			name = Debug;
		};
		B52BB5B21D6FE76A0019FD2D /* Release */ = {
			isa = XCBuildConfiguration;
			buildSettings = {
				BUNDLE_LOADER = "$(TEST_HOST)";
				INFOPLIST_FILE = 2.UIButtonTests/Info.plist;
				LD_RUNPATH_SEARCH_PATHS = "$(inherited) @executable_path/Frameworks @loader_path/Frameworks";
				PRODUCT_BUNDLE_IDENTIFIER = "ddouble.com.--UIButtonTests";
				PRODUCT_NAME = "$(TARGET_NAME)";
				TEST_HOST = "$(BUILT_PRODUCTS_DIR)/2.UIButton.app/2.UIButton";
			};
			name = Release;
		};
/* End XCBuildConfiguration section */

/* Begin XCConfigurationList section */
		B52BB58B1D6FE76A0019FD2D /* Build configuration list for PBXProject "2.UIButton" */ = {
			isa = XCConfigurationList;
			buildConfigurations = (
				B52BB5AB1D6FE76A0019FD2D /* Debug */,
				B52BB5AC1D6FE76A0019FD2D /* Release */,
			);
			defaultConfigurationIsVisible = 0;
			defaultConfigurationName = Release;
		};
		B52BB5AD1D6FE76A0019FD2D /* Build configuration list for PBXNativeTarget "2.UIButton" */ = {
			isa = XCConfigurationList;
			buildConfigurations = (
				B52BB5AE1D6FE76A0019FD2D /* Debug */,
				B52BB5AF1D6FE76A0019FD2D /* Release */,
			);
			defaultConfigurationIsVisible = 0;
		};
		B52BB5B01D6FE76A0019FD2D /* Build configuration list for PBXNativeTarget "2.UIButtonTests" */ = {
			isa = XCConfigurationList;
			buildConfigurations = (
				B52BB5B11D6FE76A0019FD2D /* Debug */,
				B52BB5B21D6FE76A0019FD2D /* Release */,
			);
			defaultConfigurationIsVisible = 0;
		};
/* End XCConfigurationList section */
	};
	rootObject = B52BB5881D6FE76A0019FD2D /* Project object */;
}
