// !$*UTF8*$!
{
	archiveVersion = 1;
	classes = {
	};
	objectVersion = 46;
	objects = {

/* Begin PBXBuildFile section */
		B50BB4971D7D9F290035F89A /* AppDelegate.swift in Sources */ = {isa = PBXBuildFile; fileRef = B50BB4961D7D9F290035F89A /* AppDelegate.swift */; };
		B50BB4991D7D9F290035F89A /* ViewController.swift in Sources */ = {isa = PBXBuildFile; fileRef = B50BB4981D7D9F290035F89A /* ViewController.swift */; };
		B50BB49C1D7D9F290035F89A /* Main.storyboard in Resources */ = {isa = PBXBuildFile; fileRef = B50BB49A1D7D9F290035F89A /* Main.storyboard */; };
		B50BB49E1D7D9F290035F89A /* Assets.xcassets in Resources */ = {isa = PBXBuildFile; fileRef = B50BB49D1D7D9F290035F89A /* Assets.xcassets */; };
		B50BB4A11D7D9F290035F89A /* LaunchScreen.storyboard in Resources */ = {isa = PBXBuildFile; fileRef = B50BB49F1D7D9F290035F89A /* LaunchScreen.storyboard */; };
		B50BB4AC1D7D9F290035F89A /* _1_UICollectionView_3Tests.swift in Sources */ = {isa = PBXBuildFile; fileRef = B50BB4AB1D7D9F290035F89A /* _1_UICollectionView_3Tests.swift */; };
/* End PBXBuildFile section */

/* Begin PBXContainerItemProxy section */
		B50BB4A81D7D9F290035F89A /* PBXContainerItemProxy */ = {
			isa = PBXContainerItemProxy;
			containerPortal = B50BB48B1D7D9F290035F89A /* Project object */;
			proxyType = 1;
			remoteGlobalIDString = B50BB4921D7D9F290035F89A;
			remoteInfo = 21.UICollectionView_3;
		};
/* End PBXContainerItemProxy section */

/* Begin PBXFileReference section */
		B50BB4931D7D9F290035F89A /* 21.UICollectionView_3.app */ = {isa = PBXFileReference; explicitFileType = wrapper.application; includeInIndex = 0; path = 21.UICollectionView_3.app; sourceTree = BUILT_PRODUCTS_DIR; };
		B50BB4961D7D9F290035F89A /* AppDelegate.swift */ = {isa = PBXFileReference; lastKnownFileType = sourcecode.swift; path = AppDelegate.swift; sourceTree = "<group>"; };
		B50BB4981D7D9F290035F89A /* ViewController.swift */ = {isa = PBXFileReference; lastKnownFileType = sourcecode.swift; path = ViewController.swift; sourceTree = "<group>"; };
		B50BB49B1D7D9F290035F89A /* Base */ = {isa = PBXFileReference; lastKnownFileType = file.storyboard; name = Base; path = Base.lproj/Main.storyboard; sourceTree = "<group>"; };
		B50BB49D1D7D9F290035F89A /* Assets.xcassets */ = {isa = PBXFileReference; lastKnownFileType = folder.assetcatalog; path = Assets.xcassets; sourceTree = "<group>"; };
		B50BB4A01D7D9F290035F89A /* Base */ = {isa = PBXFileReference; lastKnownFileType = file.storyboard; name = Base; path = Base.lproj/LaunchScreen.storyboard; sourceTree = "<group>"; };
		B50BB4A21D7D9F290035F89A /* Info.plist */ = {isa = PBXFileReference; lastKnownFileType = text.plist.xml; path = Info.plist; sourceTree = "<group>"; };
		B50BB4A71D7D9F290035F89A /* 21.UICollectionView_3Tests.xctest */ = {isa = PBXFileReference; explicitFileType = wrapper.cfbundle; includeInIndex = 0; path = 21.UICollectionView_3Tests.xctest; sourceTree = BUILT_PRODUCTS_DIR; };
		B50BB4AB1D7D9F290035F89A /* _1_UICollectionView_3Tests.swift */ = {isa = PBXFileReference; lastKnownFileType = sourcecode.swift; path = _1_UICollectionView_3Tests.swift; sourceTree = "<group>"; };
		B50BB4AD1D7D9F290035F89A /* Info.plist */ = {isa = PBXFileReference; lastKnownFileType = text.plist.xml; path = Info.plist; sourceTree = "<group>"; };
/* End PBXFileReference section */

/* Begin PBXFrameworksBuildPhase section */
		B50BB4901D7D9F290035F89A /* Frameworks */ = {
			isa = PBXFrameworksBuildPhase;
			buildActionMask = 2147483647;
			files = (
			);
			runOnlyForDeploymentPostprocessing = 0;
		};
		B50BB4A41D7D9F290035F89A /* Frameworks */ = {
			isa = PBXFrameworksBuildPhase;
			buildActionMask = 2147483647;
			files = (
			);
			runOnlyForDeploymentPostprocessing = 0;
		};
/* End PBXFrameworksBuildPhase section */

/* Begin PBXGroup section */
		B50BB48A1D7D9F290035F89A = {
			isa = PBXGroup;
			children = (
				B50BB4951D7D9F290035F89A /* 21.UICollectionView_3 */,
				B50BB4AA1D7D9F290035F89A /* 21.UICollectionView_3Tests */,
				B50BB4941D7D9F290035F89A /* Products */,
			);
			sourceTree = "<group>";
		};
		B50BB4941D7D9F290035F89A /* Products */ = {
			isa = PBXGroup;
			children = (
				B50BB4931D7D9F290035F89A /* 21.UICollectionView_3.app */,
				B50BB4A71D7D9F290035F89A /* 21.UICollectionView_3Tests.xctest */,
			);
			name = Products;
			sourceTree = "<group>";
		};
		B50BB4951D7D9F290035F89A /* 21.UICollectionView_3 */ = {
			isa = PBXGroup;
			children = (
				B50BB4961D7D9F290035F89A /* AppDelegate.swift */,
				B50BB4981D7D9F290035F89A /* ViewController.swift */,
				B50BB49A1D7D9F290035F89A /* Main.storyboard */,
				B50BB49D1D7D9F290035F89A /* Assets.xcassets */,
				B50BB49F1D7D9F290035F89A /* LaunchScreen.storyboard */,
				B50BB4A21D7D9F290035F89A /* Info.plist */,
			);
			path = 21.UICollectionView_3;
			sourceTree = "<group>";
		};
		B50BB4AA1D7D9F290035F89A /* 21.UICollectionView_3Tests */ = {
			isa = PBXGroup;
			children = (
				B50BB4AB1D7D9F290035F89A /* _1_UICollectionView_3Tests.swift */,
				B50BB4AD1D7D9F290035F89A /* Info.plist */,
			);
			path = 21.UICollectionView_3Tests;
			sourceTree = "<group>";
		};
/* End PBXGroup section */

/* Begin PBXNativeTarget section */
		B50BB4921D7D9F290035F89A /* 21.UICollectionView_3 */ = {
			isa = PBXNativeTarget;
			buildConfigurationList = B50BB4B01D7D9F290035F89A /* Build configuration list for PBXNativeTarget "21.UICollectionView_3" */;
			buildPhases = (
				B50BB48F1D7D9F290035F89A /* Sources */,
				B50BB4901D7D9F290035F89A /* Frameworks */,
				B50BB4911D7D9F290035F89A /* Resources */,
			);
			buildRules = (
			);
			dependencies = (
			);
			name = 21.UICollectionView_3;
			productName = 21.UICollectionView_3;
			productReference = B50BB4931D7D9F290035F89A /* 21.UICollectionView_3.app */;
			productType = "com.apple.product-type.application";
		};
		B50BB4A61D7D9F290035F89A /* 21.UICollectionView_3Tests */ = {
			isa = PBXNativeTarget;
			buildConfigurationList = B50BB4B31D7D9F290035F89A /* Build configuration list for PBXNativeTarget "21.UICollectionView_3Tests" */;
			buildPhases = (
				B50BB4A31D7D9F290035F89A /* Sources */,
				B50BB4A41D7D9F290035F89A /* Frameworks */,
				B50BB4A51D7D9F290035F89A /* Resources */,
			);
			buildRules = (
			);
			dependencies = (
				B50BB4A91D7D9F290035F89A /* PBXTargetDependency */,
			);
			name = 21.UICollectionView_3Tests;
			productName = 21.UICollectionView_3Tests;
			productReference = B50BB4A71D7D9F290035F89A /* 21.UICollectionView_3Tests.xctest */;
			productType = "com.apple.product-type.bundle.unit-test";
		};
/* End PBXNativeTarget section */

/* Begin PBXProject section */
		B50BB48B1D7D9F290035F89A /* Project object */ = {
			isa = PBXProject;
			attributes = {
				LastSwiftUpdateCheck = 0730;
				LastUpgradeCheck = 0730;
				ORGANIZATIONNAME = gmou;
				TargetAttributes = {
					B50BB4921D7D9F290035F89A = {
						CreatedOnToolsVersion = 7.3.1;
					};
					B50BB4A61D7D9F290035F89A = {
						CreatedOnToolsVersion = 7.3.1;
						TestTargetID = B50BB4921D7D9F290035F89A;
					};
				};
			};
			buildConfigurationList = B50BB48E1D7D9F290035F89A /* Build configuration list for PBXProject "21.UICollectionView_3" */;
			compatibilityVersion = "Xcode 3.2";
			developmentRegion = English;
			hasScannedForEncodings = 0;
			knownRegions = (
				en,
				Base,
			);
			mainGroup = B50BB48A1D7D9F290035F89A;
			productRefGroup = B50BB4941D7D9F290035F89A /* Products */;
			projectDirPath = "";
			projectRoot = "";
			targets = (
				B50BB4921D7D9F290035F89A /* 21.UICollectionView_3 */,
				B50BB4A61D7D9F290035F89A /* 21.UICollectionView_3Tests */,
			);
		};
/* End PBXProject section */

/* Begin PBXResourcesBuildPhase section */
		B50BB4911D7D9F290035F89A /* Resources */ = {
			isa = PBXResourcesBuildPhase;
			buildActionMask = 2147483647;
			files = (
				B50BB4A11D7D9F290035F89A /* LaunchScreen.storyboard in Resources */,
				B50BB49E1D7D9F290035F89A /* Assets.xcassets in Resources */,
				B50BB49C1D7D9F290035F89A /* Main.storyboard in Resources */,
			);
			runOnlyForDeploymentPostprocessing = 0;
		};
		B50BB4A51D7D9F290035F89A /* Resources */ = {
			isa = PBXResourcesBuildPhase;
			buildActionMask = 2147483647;
			files = (
			);
			runOnlyForDeploymentPostprocessing = 0;
		};
/* End PBXResourcesBuildPhase section */

/* Begin PBXSourcesBuildPhase section */
		B50BB48F1D7D9F290035F89A /* Sources */ = {
			isa = PBXSourcesBuildPhase;
			buildActionMask = 2147483647;
			files = (
				B50BB4991D7D9F290035F89A /* ViewController.swift in Sources */,
				B50BB4971D7D9F290035F89A /* AppDelegate.swift in Sources */,
			);
			runOnlyForDeploymentPostprocessing = 0;
		};
		B50BB4A31D7D9F290035F89A /* Sources */ = {
			isa = PBXSourcesBuildPhase;
			buildActionMask = 2147483647;
			files = (
				B50BB4AC1D7D9F290035F89A /* _1_UICollectionView_3Tests.swift in Sources */,
			);
			runOnlyForDeploymentPostprocessing = 0;
		};
/* End PBXSourcesBuildPhase section */

/* Begin PBXTargetDependency section */
		B50BB4A91D7D9F290035F89A /* PBXTargetDependency */ = {
			isa = PBXTargetDependency;
			target = B50BB4921D7D9F290035F89A /* 21.UICollectionView_3 */;
			targetProxy = B50BB4A81D7D9F290035F89A /* PBXContainerItemProxy */;
		};
/* End PBXTargetDependency section */

/* Begin PBXVariantGroup section */
		B50BB49A1D7D9F290035F89A /* Main.storyboard */ = {
			isa = PBXVariantGroup;
			children = (
				B50BB49B1D7D9F290035F89A /* Base */,
			);
			name = Main.storyboard;
			sourceTree = "<group>";
		};
		B50BB49F1D7D9F290035F89A /* LaunchScreen.storyboard */ = {
			isa = PBXVariantGroup;
			children = (
				B50BB4A01D7D9F290035F89A /* Base */,
			);
			name = LaunchScreen.storyboard;
			sourceTree = "<group>";
		};
/* End PBXVariantGroup section */

/* Begin XCBuildConfiguration section */
		B50BB4AE1D7D9F290035F89A /* Debug */ = {
			isa = XCBuildConfiguration;
			buildSettings = {
				ALWAYS_SEARCH_USER_PATHS = NO;
				CLANG_ANALYZER_NONNULL = YES;
				CLANG_CXX_LANGUAGE_STANDARD = "gnu++0x";
				CLANG_CXX_LIBRARY = "libc++";
				CLANG_ENABLE_MODULES = YES;
				CLANG_ENABLE_OBJC_ARC = YES;
				CLANG_WARN_BOOL_CONVERSION = YES;
				CLANG_WARN_CONSTANT_CONVERSION = YES;
				CLANG_WARN_DIRECT_OBJC_ISA_USAGE = YES_ERROR;
				CLANG_WARN_EMPTY_BODY = YES;
				CLANG_WARN_ENUM_CONVERSION = YES;
				CLANG_WARN_INT_CONVERSION = YES;
				CLANG_WARN_OBJC_ROOT_CLASS = YES_ERROR;
				CLANG_WARN_UNREACHABLE_CODE = YES;
				CLANG_WARN__DUPLICATE_METHOD_MATCH = YES;
				"CODE_SIGN_IDENTITY[sdk=iphoneos*]" = "iPhone Developer";
				COPY_PHASE_STRIP = NO;
				DEBUG_INFORMATION_FORMAT = dwarf;
				ENABLE_STRICT_OBJC_MSGSEND = YES;
				ENABLE_TESTABILITY = YES;
				GCC_C_LANGUAGE_STANDARD = gnu99;
				GCC_DYNAMIC_NO_PIC = NO;
				GCC_NO_COMMON_BLOCKS = YES;
				GCC_OPTIMIZATION_LEVEL = 0;
				GCC_PREPROCESSOR_DEFINITIONS = (
					"DEBUG=1",
					"$(inherited)",
				);
				GCC_WARN_64_TO_32_BIT_CONVERSION = YES;
				GCC_WARN_ABOUT_RETURN_TYPE = YES_ERROR;
				GCC_WARN_UNDECLARED_SELECTOR = YES;
				GCC_WARN_UNINITIALIZED_AUTOS = YES_AGGRESSIVE;
				GCC_WARN_UNUSED_FUNCTION = YES;
				GCC_WARN_UNUSED_VARIABLE = YES;
				IPHONEOS_DEPLOYMENT_TARGET = 9.3;
				MTL_ENABLE_DEBUG_INFO = YES;
				ONLY_ACTIVE_ARCH = YES;
				SDKROOT = iphoneos;
				SWIFT_OPTIMIZATION_LEVEL = "-Onone";
				TARGETED_DEVICE_FAMILY = "1,2";
			};
			name = Debug;
		};
		B50BB4AF1D7D9F290035F89A /* Release */ = {
			isa = XCBuildConfiguration;
			buildSettings = {
				ALWAYS_SEARCH_USER_PATHS = NO;
				CLANG_ANALYZER_NONNULL = YES;
				CLANG_CXX_LANGUAGE_STANDARD = "gnu++0x";
				CLANG_CXX_LIBRARY = "libc++";
				CLANG_ENABLE_MODULES = YES;
				CLANG_ENABLE_OBJC_ARC = YES;
				CLANG_WARN_BOOL_CONVERSION = YES;
				CLANG_WARN_CONSTANT_CONVERSION = YES;
				CLANG_WARN_DIRECT_OBJC_ISA_USAGE = YES_ERROR;
				CLANG_WARN_EMPTY_BODY = YES;
				CLANG_WARN_ENUM_CONVERSION = YES;
				CLANG_WARN_INT_CONVERSION = YES;
				CLANG_WARN_OBJC_ROOT_CLASS = YES_ERROR;
				CLANG_WARN_UNREACHABLE_CODE = YES;
				CLANG_WARN__DUPLICATE_METHOD_MATCH = YES;
				"CODE_SIGN_IDENTITY[sdk=iphoneos*]" = "iPhone Developer";
				COPY_PHASE_STRIP = NO;
				DEBUG_INFORMATION_FORMAT = "dwarf-with-dsym";
				ENABLE_NS_ASSERTIONS = NO;
				ENABLE_STRICT_OBJC_MSGSEND = YES;
				GCC_C_LANGUAGE_STANDARD = gnu99;
				GCC_NO_COMMON_BLOCKS = YES;
				GCC_WARN_64_TO_32_BIT_CONVERSION = YES;
				GCC_WARN_ABOUT_RETURN_TYPE = YES_ERROR;
				GCC_WARN_UNDECLARED_SELECTOR = YES;
				GCC_WARN_UNINITIALIZED_AUTOS = YES_AGGRESSIVE;
				GCC_WARN_UNUSED_FUNCTION = YES;
				GCC_WARN_UNUSED_VARIABLE = YES;
				IPHONEOS_DEPLOYMENT_TARGET = 9.3;
				MTL_ENABLE_DEBUG_INFO = NO;
				SDKROOT = iphoneos;
				TARGETED_DEVICE_FAMILY = "1,2";
				VALIDATE_PRODUCT = YES;
			};
			name = Release;
		};
		B50BB4B11D7D9F290035F89A /* Debug */ = {
			isa = XCBuildConfiguration;
			buildSettings = {
				ASSETCATALOG_COMPILER_APPICON_NAME = AppIcon;
				INFOPLIST_FILE = 21.UICollectionView_3/Info.plist;
				LD_RUNPATH_SEARCH_PATHS = "$(inherited) @executable_path/Frameworks";
				PRODUCT_BUNDLE_IDENTIFIER = "ddouble.com.-1-UICollectionView-3";
				PRODUCT_NAME = "$(TARGET_NAME)";
			};
			name = Debug;
		};
		B50BB4B21D7D9F290035F89A /* Release */ = {
			isa = XCBuildConfiguration;
			buildSettings = {
				ASSETCATALOG_COMPILER_APPICON_NAME = AppIcon;
				INFOPLIST_FILE = 21.UICollectionView_3/Info.plist;
				LD_RUNPATH_SEARCH_PATHS = "$(inherited) @executable_path/Frameworks";
				PRODUCT_BUNDLE_IDENTIFIER = "ddouble.com.-1-UICollectionView-3";
				PRODUCT_NAME = "$(TARGET_NAME)";
			};
			name = Release;
		};
		B50BB4B41D7D9F290035F89A /* Debug */ = {
			isa = XCBuildConfiguration;
			buildSettings = {
				BUNDLE_LOADER = "$(TEST_HOST)";
				INFOPLIST_FILE = 21.UICollectionView_3Tests/Info.plist;
				LD_RUNPATH_SEARCH_PATHS = "$(inherited) @executable_path/Frameworks @loader_path/Frameworks";
				PRODUCT_BUNDLE_IDENTIFIER = "ddouble.com.-1-UICollectionView-3Tests";
				PRODUCT_NAME = "$(TARGET_NAME)";
				TEST_HOST = "$(BUILT_PRODUCTS_DIR)/21.UICollectionView_3.app/21.UICollectionView_3";
			};
			name = Debug;
		};
		B50BB4B51D7D9F290035F89A /* Release */ = {
			isa = XCBuildConfiguration;
			buildSettings = {
				BUNDLE_LOADER = "$(TEST_HOST)";
				INFOPLIST_FILE = 21.UICollectionView_3Tests/Info.plist;
				LD_RUNPATH_SEARCH_PATHS = "$(inherited) @executable_path/Frameworks @loader_path/Frameworks";
				PRODUCT_BUNDLE_IDENTIFIER = "ddouble.com.-1-UICollectionView-3Tests";
				PRODUCT_NAME = "$(TARGET_NAME)";
				TEST_HOST = "$(BUILT_PRODUCTS_DIR)/21.UICollectionView_3.app/21.UICollectionView_3";
			};
			name = Release;
		};
/* End XCBuildConfiguration section */

/* Begin XCConfigurationList section */
		B50BB48E1D7D9F290035F89A /* Build configuration list for PBXProject "21.UICollectionView_3" */ = {
			isa = XCConfigurationList;
			buildConfigurations = (
				B50BB4AE1D7D9F290035F89A /* Debug */,
				B50BB4AF1D7D9F290035F89A /* Release */,
			);
			defaultConfigurationIsVisible = 0;
			defaultConfigurationName = Release;
		};
		B50BB4B01D7D9F290035F89A /* Build configuration list for PBXNativeTarget "21.UICollectionView_3" */ = {
			isa = XCConfigurationList;
			buildConfigurations = (
				B50BB4B11D7D9F290035F89A /* Debug */,
				B50BB4B21D7D9F290035F89A /* Release */,
			);
			defaultConfigurationIsVisible = 0;
		};
		B50BB4B31D7D9F290035F89A /* Build configuration list for PBXNativeTarget "21.UICollectionView_3Tests" */ = {
			isa = XCConfigurationList;
			buildConfigurations = (
				B50BB4B41D7D9F290035F89A /* Debug */,
				B50BB4B51D7D9F290035F89A /* Release */,
			);
			defaultConfigurationIsVisible = 0;
		};
/* End XCConfigurationList section */
	};
	rootObject = B50BB48B1D7D9F290035F89A /* Project object */;
}
